
Microsoft Visual Studio Solution File, Format Version 12.00
# Visual Studio Version 17
VisualStudioVersion = 17.1.32328.378
MinimumVisualStudioVersion = 10.0.40219.1
Project("{FAE04EC0-301F-11D3-BF4B-00C04F79EFBC}") = "KNCSDL", "KNCSDL\KNCSDL.csproj", "{FF13114B-01D9-47EE-98C7-BF3A2E446A91}"
EndProject
Project("{FAE04EC0-301F-11D3-BF4B-00C04F79EFBC}") = "TruyVan1Bo", "TruyVan1Bo\TruyVan1Bo.csproj", "{7100AB8E-AD3C-4C99-A511-4E51F401C588}"
EndProject
Project("{FAE04EC0-301F-11D3-BF4B-00C04F79EFBC}") = "DangBang", "DangBang\DangBang.csproj", "{ADC4C84A-44A6-4017-AA39-5979129B123C}"
EndProject
Global
	GlobalSection(SolutionConfigurationPlatforms) = preSolution
		Debug|Any CPU = Debug|Any CPU
		Release|Any CPU = Release|Any CPU
	EndGlobalSection
	GlobalSection(ProjectConfigurationPlatforms) = postSolution
		{FF13114B-01D9-47EE-98C7-BF3A2E446A91}.Debug|Any CPU.ActiveCfg = Debug|Any CPU
		{FF13114B-01D9-47EE-98C7-BF3A2E446A91}.Debug|Any CPU.Build.0 = Debug|Any CPU
		{FF13114B-01D9-47EE-98C7-BF3A2E446A91}.Release|Any CPU.ActiveCfg = Release|Any CPU
		{FF13114B-01D9-47EE-98C7-BF3A2E446A91}.Release|Any CPU.Build.0 = Release|Any CPU
		{7100AB8E-AD3C-4C99-A511-4E51F401C588}.Debug|Any CPU.ActiveCfg = Debug|Any CPU
		{7100AB8E-AD3C-4C99-A511-4E51F401C588}.Debug|Any CPU.Build.0 = Debug|Any CPU
		{7100AB8E-AD3C-4C99-A511-4E51F401C588}.Release|Any CPU.ActiveCfg = Release|Any CPU
		{7100AB8E-AD3C-4C99-A511-4E51F401C588}.Release|Any CPU.Build.0 = Release|Any CPU
		{ADC4C84A-44A6-4017-AA39-5979129B123C}.Debug|Any CPU.ActiveCfg = Debug|Any CPU
		{ADC4C84A-44A6-4017-AA39-5979129B123C}.Debug|Any CPU.Build.0 = Debug|Any CPU
		{ADC4C84A-44A6-4017-AA39-5979129B123C}.Release|Any CPU.ActiveCfg = Release|Any CPU
		{ADC4C84A-44A6-4017-AA39-5979129B123C}.Release|Any CPU.Build.0 = Release|Any CPU
	EndGlobalSection
	GlobalSection(SolutionProperties) = preSolution
		HideSolutionNode = FALSE
	EndGlobalSection
	GlobalSection(ExtensibilityGlobals) = postSolution
		SolutionGuid = {DCC820B3-44B6-40EC-B133-79840D3E835F}
	EndGlobalSection
EndGlobal
